// !$*UTF8*$!
{
	archiveVersion = 1;
	classes = {
	};
	objectVersion = 77;
	objects = {

/* Begin PBXBuildFile section */
		04B9FD912DDF88040036C731 /* CauseMenuView.swift in Sources */ = {isa = PBXBuildFile; fileRef = 04B9FD902DDF88040036C731 /* CauseMenuView.swift */; };
		04B9FD932DDFA30E0036C731 /* CauseMenuViewModel.swift in Sources */ = {isa = PBXBuildFile; fileRef = 04B9FD922DDFA30E0036C731 /* CauseMenuViewModel.swift */; };
		04CCA3A62DC27F7000710E41 /* ListElementStyleView.swift in Sources */ = {isa = PBXBuildFile; fileRef = 04CCA3A02DC27F7000710E41 /* ListElementStyleView.swift */; };
		04CCA3A72DC27F7000710E41 /* ContentView.swift in Sources */ = {isa = PBXBuildFile; fileRef = 04CCA3A22DC27F7000710E41 /* ContentView.swift */; };
		04CCA3A82DC27F7000710E41 /* DailyComparisonView.swift in Sources */ = {isa = PBXBuildFile; fileRef = 04CCA3A32DC27F7000710E41 /* DailyComparisonView.swift */; };
		04CCA3A92DC27F7000710E41 /* DailyView.swift in Sources */ = {isa = PBXBuildFile; fileRef = 04CCA3A42DC27F7000710E41 /* DailyView.swift */; };
		04CCA3AA2DC27F7000710E41 /* WeeklyView.swift in Sources */ = {isa = PBXBuildFile; fileRef = 04CCA3A52DC27F7000710E41 /* WeeklyView.swift */; };
		04CCA3AC2DC27F7000710E41 /* ChartListViewModel.swift in Sources */ = {isa = PBXBuildFile; fileRef = 04CCA3AB2DC27F7000710E41 /* ChartListViewModel.swift */; };
		04CCA3B02DC419CD00710E41 /* AQSample.swift in Sources */ = {isa = PBXBuildFile; fileRef = 04CCA3AF2DC419CD00710E41 /* AQSample.swift */; };
		04CCA3B82DC67B6B00710E41 /* DailyViewModel.swift in Sources */ = {isa = PBXBuildFile; fileRef = 04CCA3B72DC67B6B00710E41 /* DailyViewModel.swift */; };
		04CCA3C72DC6C98200710E41 /* AirQualityDataManager.swift in Sources */ = {isa = PBXBuildFile; fileRef = 04CCA3B62DC4212000710E41 /* AirQualityDataManager.swift */; };
		04CCA3EE2DD15A7B00710E41 /* GoogleService-Info.plist in Resources */ = {isa = PBXBuildFile; fileRef = 04CCA3ED2DD15A7B00710E41 /* GoogleService-Info.plist */; };
		04CCA3EF2DD15A7B00710E41 /* GoogleService-Info.plist in Resources */ = {isa = PBXBuildFile; fileRef = 04CCA3ED2DD15A7B00710E41 /* GoogleService-Info.plist */; };
		04CCA3F02DD15A7B00710E41 /* GoogleService-Info.plist in Resources */ = {isa = PBXBuildFile; fileRef = 04CCA3ED2DD15A7B00710E41 /* GoogleService-Info.plist */; };
		04CCA3F32DD1668300710E41 /* FirebaseAnalytics in Frameworks */ = {isa = PBXBuildFile; productRef = 04CCA3F22DD1668300710E41 /* FirebaseAnalytics */; };
		04CCA3F52DD1668300710E41 /* FirebaseAuth in Frameworks */ = {isa = PBXBuildFile; productRef = 04CCA3F42DD1668300710E41 /* FirebaseAuth */; };
		04CCA3F72DD1668300710E41 /* FirebaseCore in Frameworks */ = {isa = PBXBuildFile; productRef = 04CCA3F62DD1668300710E41 /* FirebaseCore */; };
		04CCA3F92DD1668300710E41 /* FirebaseFirestore in Frameworks */ = {isa = PBXBuildFile; productRef = 04CCA3F82DD1668300710E41 /* FirebaseFirestore */; };
		04CCA3FE2DD27DE800710E41 /* GoogleSignIn in Frameworks */ = {isa = PBXBuildFile; productRef = 04CCA3FD2DD27DE800710E41 /* GoogleSignIn */; };
		04CCA4002DD27DE800710E41 /* GoogleSignInSwift in Frameworks */ = {isa = PBXBuildFile; productRef = 04CCA3FF2DD27DE800710E41 /* GoogleSignInSwift */; };
		04CCA4032DD5014700710E41 /* AuthenticationView.swift in Sources */ = {isa = PBXBuildFile; fileRef = 04CCA4022DD5014700710E41 /* AuthenticationView.swift */; };
		04CCA4072DD5122200710E41 /* AuthenticationManager.swift in Sources */ = {isa = PBXBuildFile; fileRef = 04CCA4062DD5122200710E41 /* AuthenticationManager.swift */; };
		04CCA4092DD51EF100710E41 /* RootView.swift in Sources */ = {isa = PBXBuildFile; fileRef = 04CCA4082DD51EF100710E41 /* RootView.swift */; };
		04CCA40B2DD5264B00710E41 /* SettingsView.swift in Sources */ = {isa = PBXBuildFile; fileRef = 04CCA40A2DD5264B00710E41 /* SettingsView.swift */; };
		04CCA41E2DD547E500710E41 /* utilities.swift in Sources */ = {isa = PBXBuildFile; fileRef = 04CCA41D2DD547E500710E41 /* utilities.swift */; };
		04CCA4202DD55E6E00710E41 /* SignInGoogleHelper.swift in Sources */ = {isa = PBXBuildFile; fileRef = 04CCA41F2DD55E6E00710E41 /* SignInGoogleHelper.swift */; };
		04CCA4242DDA367F00710E41 /* SettingsViewModel.swift in Sources */ = {isa = PBXBuildFile; fileRef = 04CCA4232DDA367F00710E41 /* SettingsViewModel.swift */; };
		04CCA4272DDA37A300710E41 /* AuthenticationViewModel.swift in Sources */ = {isa = PBXBuildFile; fileRef = 04CCA4262DDA37A300710E41 /* AuthenticationViewModel.swift */; };
		04CCA42A2DDA3B8A00710E41 /* ProfileView.swift in Sources */ = {isa = PBXBuildFile; fileRef = 04CCA4292DDA3B8A00710E41 /* ProfileView.swift */; };
		04CCA4302DDE54E800710E41 /* GraphPicker.swift in Sources */ = {isa = PBXBuildFile; fileRef = 04CCA42F2DDE54E800710E41 /* GraphPicker.swift */; };
		04CCA4322DDE5F8A00710E41 /* BackButtonView.swift in Sources */ = {isa = PBXBuildFile; fileRef = 04CCA4312DDE5F8A00710E41 /* BackButtonView.swift */; };
		04CCA4342DDE622700710E41 /* DatePickerSectionView.swift in Sources */ = {isa = PBXBuildFile; fileRef = 04CCA4332DDE622700710E41 /* DatePickerSectionView.swift */; };
		04CCA4362DDE6CBD00710E41 /* CauseAndGraphPickerView.swift in Sources */ = {isa = PBXBuildFile; fileRef = 04CCA4352DDE6CBD00710E41 /* CauseAndGraphPickerView.swift */; };
		04CCA4392DDE7F5000710E41 /* ShowDailyLineGraphsView.swift in Sources */ = {isa = PBXBuildFile; fileRef = 04CCA4382DDE7F5000710E41 /* ShowDailyLineGraphsView.swift */; };
/* End PBXBuildFile section */

/* Begin PBXContainerItemProxy section */
		043AFD2B2DBADDAD005629B9 /* PBXContainerItemProxy */ = {
			isa = PBXContainerItemProxy;
			containerPortal = 043AFD122DBADDAB005629B9 /* Project object */;
			proxyType = 1;
			remoteGlobalIDString = 043AFD192DBADDAB005629B9;
			remoteInfo = AirQualityCharts;
		};
		043AFD352DBADDAD005629B9 /* PBXContainerItemProxy */ = {
			isa = PBXContainerItemProxy;
			containerPortal = 043AFD122DBADDAB005629B9 /* Project object */;
			proxyType = 1;
			remoteGlobalIDString = 043AFD192DBADDAB005629B9;
			remoteInfo = AirQualityCharts;
		};
/* End PBXContainerItemProxy section */

/* Begin PBXFileReference section */
		043AFD1A2DBADDAB005629B9 /* AirQualityCharts.app */ = {isa = PBXFileReference; explicitFileType = wrapper.application; includeInIndex = 0; path = AirQualityCharts.app; sourceTree = BUILT_PRODUCTS_DIR; };
		043AFD2A2DBADDAD005629B9 /* AirQualityChartsTests.xctest */ = {isa = PBXFileReference; explicitFileType = wrapper.cfbundle; includeInIndex = 0; path = AirQualityChartsTests.xctest; sourceTree = BUILT_PRODUCTS_DIR; };
		043AFD342DBADDAD005629B9 /* AirQualityChartsUITests.xctest */ = {isa = PBXFileReference; explicitFileType = wrapper.cfbundle; includeInIndex = 0; path = AirQualityChartsUITests.xctest; sourceTree = BUILT_PRODUCTS_DIR; };
		04B9FD902DDF88040036C731 /* CauseMenuView.swift */ = {isa = PBXFileReference; lastKnownFileType = sourcecode.swift; path = CauseMenuView.swift; sourceTree = "<group>"; };
		04B9FD922DDFA30E0036C731 /* CauseMenuViewModel.swift */ = {isa = PBXFileReference; lastKnownFileType = sourcecode.swift; path = CauseMenuViewModel.swift; sourceTree = "<group>"; };
		04CCA3A02DC27F7000710E41 /* ListElementStyleView.swift */ = {isa = PBXFileReference; lastKnownFileType = sourcecode.swift; path = ListElementStyleView.swift; sourceTree = "<group>"; };
		04CCA3A22DC27F7000710E41 /* ContentView.swift */ = {isa = PBXFileReference; lastKnownFileType = sourcecode.swift; path = ContentView.swift; sourceTree = "<group>"; };
		04CCA3A32DC27F7000710E41 /* DailyComparisonView.swift */ = {isa = PBXFileReference; lastKnownFileType = sourcecode.swift; path = DailyComparisonView.swift; sourceTree = "<group>"; };
		04CCA3A42DC27F7000710E41 /* DailyView.swift */ = {isa = PBXFileReference; lastKnownFileType = sourcecode.swift; path = DailyView.swift; sourceTree = "<group>"; };
		04CCA3A52DC27F7000710E41 /* WeeklyView.swift */ = {isa = PBXFileReference; lastKnownFileType = sourcecode.swift; path = WeeklyView.swift; sourceTree = "<group>"; };
		04CCA3AB2DC27F7000710E41 /* ChartListViewModel.swift */ = {isa = PBXFileReference; lastKnownFileType = sourcecode.swift; path = ChartListViewModel.swift; sourceTree = "<group>"; };
		04CCA3AF2DC419CD00710E41 /* AQSample.swift */ = {isa = PBXFileReference; lastKnownFileType = sourcecode.swift; path = AQSample.swift; sourceTree = "<group>"; };
		04CCA3B62DC4212000710E41 /* AirQualityDataManager.swift */ = {isa = PBXFileReference; lastKnownFileType = sourcecode.swift; path = AirQualityDataManager.swift; sourceTree = "<group>"; };
		04CCA3B72DC67B6B00710E41 /* DailyViewModel.swift */ = {isa = PBXFileReference; lastKnownFileType = sourcecode.swift; path = DailyViewModel.swift; sourceTree = "<group>"; };
		04CCA3ED2DD15A7B00710E41 /* GoogleService-Info.plist */ = {isa = PBXFileReference; lastKnownFileType = text.plist.xml; path = "GoogleService-Info.plist"; sourceTree = "<group>"; };
		04CCA4022DD5014700710E41 /* AuthenticationView.swift */ = {isa = PBXFileReference; lastKnownFileType = sourcecode.swift; path = AuthenticationView.swift; sourceTree = "<group>"; };
		04CCA4062DD5122200710E41 /* AuthenticationManager.swift */ = {isa = PBXFileReference; lastKnownFileType = sourcecode.swift; path = AuthenticationManager.swift; sourceTree = "<group>"; };
		04CCA4082DD51EF100710E41 /* RootView.swift */ = {isa = PBXFileReference; lastKnownFileType = sourcecode.swift; path = RootView.swift; sourceTree = "<group>"; };
		04CCA40A2DD5264B00710E41 /* SettingsView.swift */ = {isa = PBXFileReference; lastKnownFileType = sourcecode.swift; path = SettingsView.swift; sourceTree = "<group>"; };
		04CCA41D2DD547E500710E41 /* utilities.swift */ = {isa = PBXFileReference; lastKnownFileType = sourcecode.swift; path = utilities.swift; sourceTree = "<group>"; };
		04CCA41F2DD55E6E00710E41 /* SignInGoogleHelper.swift */ = {isa = PBXFileReference; lastKnownFileType = sourcecode.swift; path = SignInGoogleHelper.swift; sourceTree = "<group>"; };
		04CCA4232DDA367F00710E41 /* SettingsViewModel.swift */ = {isa = PBXFileReference; lastKnownFileType = sourcecode.swift; path = SettingsViewModel.swift; sourceTree = "<group>"; };
		04CCA4262DDA37A300710E41 /* AuthenticationViewModel.swift */ = {isa = PBXFileReference; lastKnownFileType = sourcecode.swift; path = AuthenticationViewModel.swift; sourceTree = "<group>"; };
		04CCA4292DDA3B8A00710E41 /* ProfileView.swift */ = {isa = PBXFileReference; lastKnownFileType = sourcecode.swift; path = ProfileView.swift; sourceTree = "<group>"; };
		04CCA42F2DDE54E800710E41 /* GraphPicker.swift */ = {isa = PBXFileReference; lastKnownFileType = sourcecode.swift; path = GraphPicker.swift; sourceTree = "<group>"; };
		04CCA4312DDE5F8A00710E41 /* BackButtonView.swift */ = {isa = PBXFileReference; lastKnownFileType = sourcecode.swift; path = BackButtonView.swift; sourceTree = "<group>"; };
		04CCA4332DDE622700710E41 /* DatePickerSectionView.swift */ = {isa = PBXFileReference; lastKnownFileType = sourcecode.swift; path = DatePickerSectionView.swift; sourceTree = "<group>"; };
		04CCA4352DDE6CBD00710E41 /* CauseAndGraphPickerView.swift */ = {isa = PBXFileReference; lastKnownFileType = sourcecode.swift; path = CauseAndGraphPickerView.swift; sourceTree = "<group>"; };
		04CCA4382DDE7F5000710E41 /* ShowDailyLineGraphsView.swift */ = {isa = PBXFileReference; lastKnownFileType = sourcecode.swift; path = ShowDailyLineGraphsView.swift; sourceTree = "<group>"; };
/* End PBXFileReference section */

/* Begin PBXFileSystemSynchronizedBuildFileExceptionSet section */
		04CCA3FB2DD2350B00710E41 /* Exceptions for "AirQualityCharts" folder in "AirQualityCharts" target */ = {
			isa = PBXFileSystemSynchronizedBuildFileExceptionSet;
			membershipExceptions = (
				Info.plist,
			);
			target = 043AFD192DBADDAB005629B9 /* AirQualityCharts */;
		};
/* End PBXFileSystemSynchronizedBuildFileExceptionSet section */

/* Begin PBXFileSystemSynchronizedRootGroup section */
		043AFD1C2DBADDAB005629B9 /* AirQualityCharts */ = {
			isa = PBXFileSystemSynchronizedRootGroup;
			exceptions = (
				04CCA3FB2DD2350B00710E41 /* Exceptions for "AirQualityCharts" folder in "AirQualityCharts" target */,
			);
			path = AirQualityCharts;
			sourceTree = "<group>";
		};
/* End PBXFileSystemSynchronizedRootGroup section */

/* Begin PBXFrameworksBuildPhase section */
		043AFD172DBADDAB005629B9 /* Frameworks */ = {
			isa = PBXFrameworksBuildPhase;
			buildActionMask = 2147483647;
			files = (
				04CCA3FE2DD27DE800710E41 /* GoogleSignIn in Frameworks */,
				04CCA3F32DD1668300710E41 /* FirebaseAnalytics in Frameworks */,
				04CCA3F92DD1668300710E41 /* FirebaseFirestore in Frameworks */,
				04CCA4002DD27DE800710E41 /* GoogleSignInSwift in Frameworks */,
				04CCA3F72DD1668300710E41 /* FirebaseCore in Frameworks */,
				04CCA3F52DD1668300710E41 /* FirebaseAuth in Frameworks */,
			);
			runOnlyForDeploymentPostprocessing = 0;
		};
		043AFD272DBADDAD005629B9 /* Frameworks */ = {
			isa = PBXFrameworksBuildPhase;
			buildActionMask = 2147483647;
			files = (
			);
			runOnlyForDeploymentPostprocessing = 0;
		};
		043AFD312DBADDAD005629B9 /* Frameworks */ = {
			isa = PBXFrameworksBuildPhase;
			buildActionMask = 2147483647;
			files = (
			);
			runOnlyForDeploymentPostprocessing = 0;
		};
/* End PBXFrameworksBuildPhase section */

/* Begin PBXGroup section */
		043AFD112DBADDAB005629B9 = {
			isa = PBXGroup;
			children = (
				04CCA4212DDA35AE00710E41 /* Core */,
				04CCA41C2DD547CA00710E41 /* Utilities */,
				04CCA4012DD4FF5900710E41 /* Authentication */,
				043AFD1C2DBADDAB005629B9 /* AirQualityCharts */,
				043AFD1B2DBADDAB005629B9 /* Products */,
				04CCA3B12DC41F5F00710E41 /* Views */,
				04CCA3B32DC41FB200710E41 /* ViewModels */,
				04CCA3B42DC41FD200710E41 /* Models */,
				04CCA3B52DC420CB00710E41 /* DataServices */,
				04CCA3ED2DD15A7B00710E41 /* GoogleService-Info.plist */,
			);
			sourceTree = "<group>";
		};
		043AFD1B2DBADDAB005629B9 /* Products */ = {
			isa = PBXGroup;
			children = (
				043AFD1A2DBADDAB005629B9 /* AirQualityCharts.app */,
				043AFD2A2DBADDAD005629B9 /* AirQualityChartsTests.xctest */,
				043AFD342DBADDAD005629B9 /* AirQualityChartsUITests.xctest */,
			);
			name = Products;
			sourceTree = "<group>";
		};
		04CCA3B12DC41F5F00710E41 /* Views */ = {
			isa = PBXGroup;
			children = (
				04CCA43A2DDE959500710E41 /* ContentViewSubViews */,
				04CCA3B22DC41F7000710E41 /* DailyViewSubViews */,
				04CCA3A22DC27F7000710E41 /* ContentView.swift */,
				04CCA3A32DC27F7000710E41 /* DailyComparisonView.swift */,
				04CCA3A42DC27F7000710E41 /* DailyView.swift */,
				04CCA3A52DC27F7000710E41 /* WeeklyView.swift */,
			);
			path = Views;
			sourceTree = "<group>";
		};
		04CCA3B22DC41F7000710E41 /* DailyViewSubViews */ = {
			isa = PBXGroup;
			children = (
				04CCA42F2DDE54E800710E41 /* GraphPicker.swift */,
				04CCA4312DDE5F8A00710E41 /* BackButtonView.swift */,
				04CCA4332DDE622700710E41 /* DatePickerSectionView.swift */,
				04CCA4352DDE6CBD00710E41 /* CauseAndGraphPickerView.swift */,
				04CCA4382DDE7F5000710E41 /* ShowDailyLineGraphsView.swift */,
				04B9FD902DDF88040036C731 /* CauseMenuView.swift */,
			);
			path = DailyViewSubViews;
			sourceTree = "<group>";
		};
		04CCA3B32DC41FB200710E41 /* ViewModels */ = {
			isa = PBXGroup;
			children = (
				04CCA3AB2DC27F7000710E41 /* ChartListViewModel.swift */,
				04CCA3B72DC67B6B00710E41 /* DailyViewModel.swift */,
				04B9FD922DDFA30E0036C731 /* CauseMenuViewModel.swift */,
			);
			path = ViewModels;
			sourceTree = "<group>";
		};
		04CCA3B42DC41FD200710E41 /* Models */ = {
			isa = PBXGroup;
			children = (
				04CCA3AF2DC419CD00710E41 /* AQSample.swift */,
			);
			path = Models;
			sourceTree = "<group>";
		};
		04CCA3B52DC420CB00710E41 /* DataServices */ = {
			isa = PBXGroup;
			children = (
				04CCA3B62DC4212000710E41 /* AirQualityDataManager.swift */,
			);
			path = DataServices;
			sourceTree = "<group>";
		};
		04CCA4012DD4FF5900710E41 /* Authentication */ = {
			isa = PBXGroup;
			children = (
				04CCA4062DD5122200710E41 /* AuthenticationManager.swift */,
				04CCA41F2DD55E6E00710E41 /* SignInGoogleHelper.swift */,
			);
			path = Authentication;
			sourceTree = "<group>";
		};
		04CCA41C2DD547CA00710E41 /* Utilities */ = {
			isa = PBXGroup;
			children = (
				04CCA41D2DD547E500710E41 /* utilities.swift */,
			);
			path = Utilities;
			sourceTree = "<group>";
		};
		04CCA4212DDA35AE00710E41 /* Core */ = {
			isa = PBXGroup;
			children = (
				04CCA4282DDA3B5700710E41 /* Profile */,
				04CCA4252DDA373400710E41 /* Authentication */,
				04CCA4222DDA365C00710E41 /* Settings */,
				04CCA4082DD51EF100710E41 /* RootView.swift */,
			);
			path = Core;
			sourceTree = "<group>";
		};
		04CCA4222DDA365C00710E41 /* Settings */ = {
			isa = PBXGroup;
			children = (
				04CCA4232DDA367F00710E41 /* SettingsViewModel.swift */,
				04CCA40A2DD5264B00710E41 /* SettingsView.swift */,
			);
			path = Settings;
			sourceTree = "<group>";
		};
		04CCA4252DDA373400710E41 /* Authentication */ = {
			isa = PBXGroup;
			children = (
				04CCA4022DD5014700710E41 /* AuthenticationView.swift */,
				04CCA4262DDA37A300710E41 /* AuthenticationViewModel.swift */,
			);
			path = Authentication;
			sourceTree = "<group>";
		};
		04CCA4282DDA3B5700710E41 /* Profile */ = {
			isa = PBXGroup;
			children = (
				04CCA4292DDA3B8A00710E41 /* ProfileView.swift */,
			);
			path = Profile;
			sourceTree = "<group>";
		};
		04CCA43A2DDE959500710E41 /* ContentViewSubViews */ = {
			isa = PBXGroup;
			children = (
				04CCA3A02DC27F7000710E41 /* ListElementStyleView.swift */,
			);
			path = ContentViewSubViews;
			sourceTree = "<group>";
		};
/* End PBXGroup section */

/* Begin PBXNativeTarget section */
		043AFD192DBADDAB005629B9 /* AirQualityCharts */ = {
			isa = PBXNativeTarget;
			buildConfigurationList = 043AFD3E2DBADDAD005629B9 /* Build configuration list for PBXNativeTarget "AirQualityCharts" */;
			buildPhases = (
				043AFD162DBADDAB005629B9 /* Sources */,
				043AFD172DBADDAB005629B9 /* Frameworks */,
				043AFD182DBADDAB005629B9 /* Resources */,
			);
			buildRules = (
			);
			dependencies = (
			);
			fileSystemSynchronizedGroups = (
				043AFD1C2DBADDAB005629B9 /* AirQualityCharts */,
			);
			name = AirQualityCharts;
			packageProductDependencies = (
				04CCA3F22DD1668300710E41 /* FirebaseAnalytics */,
				04CCA3F42DD1668300710E41 /* FirebaseAuth */,
				04CCA3F62DD1668300710E41 /* FirebaseCore */,
				04CCA3F82DD1668300710E41 /* FirebaseFirestore */,
				04CCA3FD2DD27DE800710E41 /* GoogleSignIn */,
				04CCA3FF2DD27DE800710E41 /* GoogleSignInSwift */,
			);
			productName = AirQualityCharts;
			productReference = 043AFD1A2DBADDAB005629B9 /* AirQualityCharts.app */;
			productType = "com.apple.product-type.application";
		};
		043AFD292DBADDAD005629B9 /* AirQualityChartsTests */ = {
			isa = PBXNativeTarget;
			buildConfigurationList = 043AFD412DBADDAD005629B9 /* Build configuration list for PBXNativeTarget "AirQualityChartsTests" */;
			buildPhases = (
				043AFD262DBADDAD005629B9 /* Sources */,
				043AFD272DBADDAD005629B9 /* Frameworks */,
				043AFD282DBADDAD005629B9 /* Resources */,
			);
			buildRules = (
			);
			dependencies = (
				043AFD2C2DBADDAD005629B9 /* PBXTargetDependency */,
			);
			name = AirQualityChartsTests;
			packageProductDependencies = (
			);
			productName = AirQualityChartsTests;
			productReference = 043AFD2A2DBADDAD005629B9 /* AirQualityChartsTests.xctest */;
			productType = "com.apple.product-type.bundle.unit-test";
		};
		043AFD332DBADDAD005629B9 /* AirQualityChartsUITests */ = {
			isa = PBXNativeTarget;
			buildConfigurationList = 043AFD442DBADDAD005629B9 /* Build configuration list for PBXNativeTarget "AirQualityChartsUITests" */;
			buildPhases = (
				043AFD302DBADDAD005629B9 /* Sources */,
				043AFD312DBADDAD005629B9 /* Frameworks */,
				043AFD322DBADDAD005629B9 /* Resources */,
			);
			buildRules = (
			);
			dependencies = (
				043AFD362DBADDAD005629B9 /* PBXTargetDependency */,
			);
			name = AirQualityChartsUITests;
			packageProductDependencies = (
			);
			productName = AirQualityChartsUITests;
			productReference = 043AFD342DBADDAD005629B9 /* AirQualityChartsUITests.xctest */;
			productType = "com.apple.product-type.bundle.ui-testing";
		};
/* End PBXNativeTarget section */

/* Begin PBXProject section */
		043AFD122DBADDAB005629B9 /* Project object */ = {
			isa = PBXProject;
			attributes = {
				BuildIndependentTargetsInParallel = 1;
				LastSwiftUpdateCheck = 1600;
				LastUpgradeCheck = 1600;
				TargetAttributes = {
					043AFD192DBADDAB005629B9 = {
						CreatedOnToolsVersion = 16.0;
					};
					043AFD292DBADDAD005629B9 = {
						CreatedOnToolsVersion = 16.0;
						TestTargetID = 043AFD192DBADDAB005629B9;
					};
					043AFD332DBADDAD005629B9 = {
						CreatedOnToolsVersion = 16.0;
						TestTargetID = 043AFD192DBADDAB005629B9;
					};
				};
			};
			buildConfigurationList = 043AFD152DBADDAB005629B9 /* Build configuration list for PBXProject "AirQualityCharts" */;
			developmentRegion = en;
			hasScannedForEncodings = 0;
			knownRegions = (
				en,
				Base,
			);
			mainGroup = 043AFD112DBADDAB005629B9;
			minimizedProjectReferenceProxies = 1;
			packageReferences = (
				04CCA3F12DD1668300710E41 /* XCRemoteSwiftPackageReference "firebase-ios-sdk" */,
				04CCA3FC2DD27DE800710E41 /* XCRemoteSwiftPackageReference "GoogleSignIn-iOS" */,
			);
			preferredProjectObjectVersion = 77;
			productRefGroup = 043AFD1B2DBADDAB005629B9 /* Products */;
			projectDirPath = "";
			projectRoot = "";
			targets = (
				043AFD192DBADDAB005629B9 /* AirQualityCharts */,
				043AFD292DBADDAD005629B9 /* AirQualityChartsTests */,
				043AFD332DBADDAD005629B9 /* AirQualityChartsUITests */,
			);
		};
/* End PBXProject section */

/* Begin PBXResourcesBuildPhase section */
		043AFD182DBADDAB005629B9 /* Resources */ = {
			isa = PBXResourcesBuildPhase;
			buildActionMask = 2147483647;
			files = (
				04CCA3EE2DD15A7B00710E41 /* GoogleService-Info.plist in Resources */,
			);
			runOnlyForDeploymentPostprocessing = 0;
		};
		043AFD282DBADDAD005629B9 /* Resources */ = {
			isa = PBXResourcesBuildPhase;
			buildActionMask = 2147483647;
			files = (
				04CCA3F02DD15A7B00710E41 /* GoogleService-Info.plist in Resources */,
			);
			runOnlyForDeploymentPostprocessing = 0;
		};
		043AFD322DBADDAD005629B9 /* Resources */ = {
			isa = PBXResourcesBuildPhase;
			buildActionMask = 2147483647;
			files = (
				04CCA3EF2DD15A7B00710E41 /* GoogleService-Info.plist in Resources */,
			);
			runOnlyForDeploymentPostprocessing = 0;
		};
/* End PBXResourcesBuildPhase section */

/* Begin PBXSourcesBuildPhase section */
		043AFD162DBADDAB005629B9 /* Sources */ = {
			isa = PBXSourcesBuildPhase;
			buildActionMask = 2147483647;
			files = (
				04CCA3A62DC27F7000710E41 /* ListElementStyleView.swift in Sources */,
				04CCA3A72DC27F7000710E41 /* ContentView.swift in Sources */,
				04CCA4032DD5014700710E41 /* AuthenticationView.swift in Sources */,
				04CCA4202DD55E6E00710E41 /* SignInGoogleHelper.swift in Sources */,
				04CCA4302DDE54E800710E41 /* GraphPicker.swift in Sources */,
				04CCA4242DDA367F00710E41 /* SettingsViewModel.swift in Sources */,
				04CCA3A82DC27F7000710E41 /* DailyComparisonView.swift in Sources */,
				04CCA3A92DC27F7000710E41 /* DailyView.swift in Sources */,
				04B9FD932DDFA30E0036C731 /* CauseMenuViewModel.swift in Sources */,
				04CCA3AA2DC27F7000710E41 /* WeeklyView.swift in Sources */,
				04CCA4342DDE622700710E41 /* DatePickerSectionView.swift in Sources */,
				04CCA41E2DD547E500710E41 /* utilities.swift in Sources */,
				04CCA40B2DD5264B00710E41 /* SettingsView.swift in Sources */,
				04CCA4072DD5122200710E41 /* AuthenticationManager.swift in Sources */,
				04CCA4392DDE7F5000710E41 /* ShowDailyLineGraphsView.swift in Sources */,
				04CCA42A2DDA3B8A00710E41 /* ProfileView.swift in Sources */,
				04B9FD912DDF88040036C731 /* CauseMenuView.swift in Sources */,
				04CCA3C72DC6C98200710E41 /* AirQualityDataManager.swift in Sources */,
				04CCA3B02DC419CD00710E41 /* AQSample.swift in Sources */,
				04CCA3B82DC67B6B00710E41 /* DailyViewModel.swift in Sources */,
				04CCA4362DDE6CBD00710E41 /* CauseAndGraphPickerView.swift in Sources */,
				04CCA4272DDA37A300710E41 /* AuthenticationViewModel.swift in Sources */,
				04CCA3AC2DC27F7000710E41 /* ChartListViewModel.swift in Sources */,
				04CCA4092DD51EF100710E41 /* RootView.swift in Sources */,
				04CCA4322DDE5F8A00710E41 /* BackButtonView.swift in Sources */,
			);
			runOnlyForDeploymentPostprocessing = 0;
		};
		043AFD262DBADDAD005629B9 /* Sources */ = {
			isa = PBXSourcesBuildPhase;
			buildActionMask = 2147483647;
			files = (
			);
			runOnlyForDeploymentPostprocessing = 0;
		};
		043AFD302DBADDAD005629B9 /* Sources */ = {
			isa = PBXSourcesBuildPhase;
			buildActionMask = 2147483647;
			files = (
			);
			runOnlyForDeploymentPostprocessing = 0;
		};
/* End PBXSourcesBuildPhase section */

/* Begin PBXTargetDependency section */
		043AFD2C2DBADDAD005629B9 /* PBXTargetDependency */ = {
			isa = PBXTargetDependency;
			target = 043AFD192DBADDAB005629B9 /* AirQualityCharts */;
			targetProxy = 043AFD2B2DBADDAD005629B9 /* PBXContainerItemProxy */;
		};
		043AFD362DBADDAD005629B9 /* PBXTargetDependency */ = {
			isa = PBXTargetDependency;
			target = 043AFD192DBADDAB005629B9 /* AirQualityCharts */;
			targetProxy = 043AFD352DBADDAD005629B9 /* PBXContainerItemProxy */;
		};
/* End PBXTargetDependency section */

/* Begin XCBuildConfiguration section */
		043AFD3C2DBADDAD005629B9 /* Debug */ = {
			isa = XCBuildConfiguration;
			buildSettings = {
				ALWAYS_SEARCH_USER_PATHS = NO;
				ASSETCATALOG_COMPILER_GENERATE_SWIFT_ASSET_SYMBOL_EXTENSIONS = YES;
				CLANG_ANALYZER_NONNULL = YES;
				CLANG_ANALYZER_NUMBER_OBJECT_CONVERSION = YES_AGGRESSIVE;
				CLANG_CXX_LANGUAGE_STANDARD = "gnu++20";
				CLANG_ENABLE_MODULES = YES;
				CLANG_ENABLE_OBJC_ARC = YES;
				CLANG_ENABLE_OBJC_WEAK = YES;
				CLANG_WARN_BLOCK_CAPTURE_AUTORELEASING = YES;
				CLANG_WARN_BOOL_CONVERSION = YES;
				CLANG_WARN_COMMA = YES;
				CLANG_WARN_CONSTANT_CONVERSION = YES;
				CLANG_WARN_DEPRECATED_OBJC_IMPLEMENTATIONS = YES;
				CLANG_WARN_DIRECT_OBJC_ISA_USAGE = YES_ERROR;
				CLANG_WARN_DOCUMENTATION_COMMENTS = YES;
				CLANG_WARN_EMPTY_BODY = YES;
				CLANG_WARN_ENUM_CONVERSION = YES;
				CLANG_WARN_INFINITE_RECURSION = YES;
				CLANG_WARN_INT_CONVERSION = YES;
				CLANG_WARN_NON_LITERAL_NULL_CONVERSION = YES;
				CLANG_WARN_OBJC_IMPLICIT_RETAIN_SELF = YES;
				CLANG_WARN_OBJC_LITERAL_CONVERSION = YES;
				CLANG_WARN_OBJC_ROOT_CLASS = YES_ERROR;
				CLANG_WARN_QUOTED_INCLUDE_IN_FRAMEWORK_HEADER = YES;
				CLANG_WARN_RANGE_LOOP_ANALYSIS = YES;
				CLANG_WARN_STRICT_PROTOTYPES = YES;
				CLANG_WARN_SUSPICIOUS_MOVE = YES;
				CLANG_WARN_UNGUARDED_AVAILABILITY = YES_AGGRESSIVE;
				CLANG_WARN_UNREACHABLE_CODE = YES;
				CLANG_WARN__DUPLICATE_METHOD_MATCH = YES;
				COPY_PHASE_STRIP = NO;
				DEBUG_INFORMATION_FORMAT = dwarf;
				ENABLE_STRICT_OBJC_MSGSEND = YES;
				ENABLE_TESTABILITY = YES;
				ENABLE_USER_SCRIPT_SANDBOXING = YES;
				GCC_C_LANGUAGE_STANDARD = gnu17;
				GCC_DYNAMIC_NO_PIC = NO;
				GCC_NO_COMMON_BLOCKS = YES;
				GCC_OPTIMIZATION_LEVEL = 0;
				GCC_PREPROCESSOR_DEFINITIONS = (
					"DEBUG=1",
					"$(inherited)",
				);
				GCC_WARN_64_TO_32_BIT_CONVERSION = YES;
				GCC_WARN_ABOUT_RETURN_TYPE = YES_ERROR;
				GCC_WARN_UNDECLARED_SELECTOR = YES;
				GCC_WARN_UNINITIALIZED_AUTOS = YES_AGGRESSIVE;
				GCC_WARN_UNUSED_FUNCTION = YES;
				GCC_WARN_UNUSED_VARIABLE = YES;
				IPHONEOS_DEPLOYMENT_TARGET = 18.0;
				LOCALIZATION_PREFERS_STRING_CATALOGS = YES;
				MTL_ENABLE_DEBUG_INFO = INCLUDE_SOURCE;
				MTL_FAST_MATH = YES;
				ONLY_ACTIVE_ARCH = YES;
				SDKROOT = iphoneos;
				SWIFT_ACTIVE_COMPILATION_CONDITIONS = "DEBUG $(inherited)";
				SWIFT_OPTIMIZATION_LEVEL = "-Onone";
			};
			name = Debug;
		};
		043AFD3D2DBADDAD005629B9 /* Release */ = {
			isa = XCBuildConfiguration;
			buildSettings = {
				ALWAYS_SEARCH_USER_PATHS = NO;
				ASSETCATALOG_COMPILER_GENERATE_SWIFT_ASSET_SYMBOL_EXTENSIONS = YES;
				CLANG_ANALYZER_NONNULL = YES;
				CLANG_ANALYZER_NUMBER_OBJECT_CONVERSION = YES_AGGRESSIVE;
				CLANG_CXX_LANGUAGE_STANDARD = "gnu++20";
				CLANG_ENABLE_MODULES = YES;
				CLANG_ENABLE_OBJC_ARC = YES;
				CLANG_ENABLE_OBJC_WEAK = YES;
				CLANG_WARN_BLOCK_CAPTURE_AUTORELEASING = YES;
				CLANG_WARN_BOOL_CONVERSION = YES;
				CLANG_WARN_COMMA = YES;
				CLANG_WARN_CONSTANT_CONVERSION = YES;
				CLANG_WARN_DEPRECATED_OBJC_IMPLEMENTATIONS = YES;
				CLANG_WARN_DIRECT_OBJC_ISA_USAGE = YES_ERROR;
				CLANG_WARN_DOCUMENTATION_COMMENTS = YES;
				CLANG_WARN_EMPTY_BODY = YES;
				CLANG_WARN_ENUM_CONVERSION = YES;
				CLANG_WARN_INFINITE_RECURSION = YES;
				CLANG_WARN_INT_CONVERSION = YES;
				CLANG_WARN_NON_LITERAL_NULL_CONVERSION = YES;
				CLANG_WARN_OBJC_IMPLICIT_RETAIN_SELF = YES;
				CLANG_WARN_OBJC_LITERAL_CONVERSION = YES;
				CLANG_WARN_OBJC_ROOT_CLASS = YES_ERROR;
				CLANG_WARN_QUOTED_INCLUDE_IN_FRAMEWORK_HEADER = YES;
				CLANG_WARN_RANGE_LOOP_ANALYSIS = YES;
				CLANG_WARN_STRICT_PROTOTYPES = YES;
				CLANG_WARN_SUSPICIOUS_MOVE = YES;
				CLANG_WARN_UNGUARDED_AVAILABILITY = YES_AGGRESSIVE;
				CLANG_WARN_UNREACHABLE_CODE = YES;
				CLANG_WARN__DUPLICATE_METHOD_MATCH = YES;
				COPY_PHASE_STRIP = NO;
				DEBUG_INFORMATION_FORMAT = "dwarf-with-dsym";
				ENABLE_NS_ASSERTIONS = NO;
				ENABLE_STRICT_OBJC_MSGSEND = YES;
				ENABLE_USER_SCRIPT_SANDBOXING = YES;
				GCC_C_LANGUAGE_STANDARD = gnu17;
				GCC_NO_COMMON_BLOCKS = YES;
				GCC_WARN_64_TO_32_BIT_CONVERSION = YES;
				GCC_WARN_ABOUT_RETURN_TYPE = YES_ERROR;
				GCC_WARN_UNDECLARED_SELECTOR = YES;
				GCC_WARN_UNINITIALIZED_AUTOS = YES_AGGRESSIVE;
				GCC_WARN_UNUSED_FUNCTION = YES;
				GCC_WARN_UNUSED_VARIABLE = YES;
				IPHONEOS_DEPLOYMENT_TARGET = 18.0;
				LOCALIZATION_PREFERS_STRING_CATALOGS = YES;
				MTL_ENABLE_DEBUG_INFO = NO;
				MTL_FAST_MATH = YES;
				SDKROOT = iphoneos;
				SWIFT_COMPILATION_MODE = wholemodule;
				VALIDATE_PRODUCT = YES;
			};
			name = Release;
		};
		043AFD3F2DBADDAD005629B9 /* Debug */ = {
			isa = XCBuildConfiguration;
			buildSettings = {
				ASSETCATALOG_COMPILER_APPICON_NAME = AppIcon;
				ASSETCATALOG_COMPILER_GLOBAL_ACCENT_COLOR_NAME = AccentColor;
				CODE_SIGN_STYLE = Automatic;
				CURRENT_PROJECT_VERSION = 1;
				DEVELOPMENT_ASSET_PATHS = "\"AirQualityCharts/Preview Content\"";
				ENABLE_PREVIEWS = YES;
				GENERATE_INFOPLIST_FILE = YES;
				INFOPLIST_FILE = AirQualityCharts/Info.plist;
				INFOPLIST_KEY_UIApplicationSceneManifest_Generation = YES;
				INFOPLIST_KEY_UIApplicationSupportsIndirectInputEvents = YES;
				INFOPLIST_KEY_UILaunchScreen_Generation = YES;
				INFOPLIST_KEY_UISupportedInterfaceOrientations_iPad = "UIInterfaceOrientationPortrait UIInterfaceOrientationPortraitUpsideDown UIInterfaceOrientationLandscapeLeft UIInterfaceOrientationLandscapeRight";
				INFOPLIST_KEY_UISupportedInterfaceOrientations_iPhone = "UIInterfaceOrientationPortrait UIInterfaceOrientationLandscapeLeft UIInterfaceOrientationLandscapeRight";
				LD_RUNPATH_SEARCH_PATHS = (
					"$(inherited)",
					"@executable_path/Frameworks",
				);
				MARKETING_VERSION = 1.0;
				PRODUCT_BUNDLE_IDENTIFIER = com.tm.AirQualityCharts;
				PRODUCT_NAME = "$(TARGET_NAME)";
				SWIFT_EMIT_LOC_STRINGS = YES;
				SWIFT_VERSION = 5.0;
				TARGETED_DEVICE_FAMILY = "1,2";
			};
			name = Debug;
		};
		043AFD402DBADDAD005629B9 /* Release */ = {
			isa = XCBuildConfiguration;
			buildSettings = {
				ASSETCATALOG_COMPILER_APPICON_NAME = AppIcon;
				ASSETCATALOG_COMPILER_GLOBAL_ACCENT_COLOR_NAME = AccentColor;
				CODE_SIGN_STYLE = Automatic;
				CURRENT_PROJECT_VERSION = 1;
				DEVELOPMENT_ASSET_PATHS = "\"AirQualityCharts/Preview Content\"";
				ENABLE_PREVIEWS = YES;
				GENERATE_INFOPLIST_FILE = YES;
				INFOPLIST_FILE = AirQualityCharts/Info.plist;
				INFOPLIST_KEY_UIApplicationSceneManifest_Generation = YES;
				INFOPLIST_KEY_UIApplicationSupportsIndirectInputEvents = YES;
				INFOPLIST_KEY_UILaunchScreen_Generation = YES;
				INFOPLIST_KEY_UISupportedInterfaceOrientations_iPad = "UIInterfaceOrientationPortrait UIInterfaceOrientationPortraitUpsideDown UIInterfaceOrientationLandscapeLeft UIInterfaceOrientationLandscapeRight";
				INFOPLIST_KEY_UISupportedInterfaceOrientations_iPhone = "UIInterfaceOrientationPortrait UIInterfaceOrientationLandscapeLeft UIInterfaceOrientationLandscapeRight";
				LD_RUNPATH_SEARCH_PATHS = (
					"$(inherited)",
					"@executable_path/Frameworks",
				);
				MARKETING_VERSION = 1.0;
				PRODUCT_BUNDLE_IDENTIFIER = com.tm.AirQualityCharts;
				PRODUCT_NAME = "$(TARGET_NAME)";
				SWIFT_EMIT_LOC_STRINGS = YES;
				SWIFT_VERSION = 5.0;
				TARGETED_DEVICE_FAMILY = "1,2";
			};
			name = Release;
		};
		043AFD422DBADDAD005629B9 /* Debug */ = {
			isa = XCBuildConfiguration;
			buildSettings = {
				BUNDLE_LOADER = "$(TEST_HOST)";
				CODE_SIGN_STYLE = Automatic;
				CURRENT_PROJECT_VERSION = 1;
				GENERATE_INFOPLIST_FILE = YES;
				IPHONEOS_DEPLOYMENT_TARGET = 18.0;
				MARKETING_VERSION = 1.0;
				PRODUCT_BUNDLE_IDENTIFIER = com.tm.AirQualityChartsTests;
				PRODUCT_NAME = "$(TARGET_NAME)";
				SWIFT_EMIT_LOC_STRINGS = NO;
				SWIFT_VERSION = 5.0;
				TARGETED_DEVICE_FAMILY = "1,2";
				TEST_HOST = "$(BUILT_PRODUCTS_DIR)/AirQualityCharts.app/$(BUNDLE_EXECUTABLE_FOLDER_PATH)/AirQualityCharts";
			};
			name = Debug;
		};
		043AFD432DBADDAD005629B9 /* Release */ = {
			isa = XCBuildConfiguration;
			buildSettings = {
				BUNDLE_LOADER = "$(TEST_HOST)";
				CODE_SIGN_STYLE = Automatic;
				CURRENT_PROJECT_VERSION = 1;
				GENERATE_INFOPLIST_FILE = YES;
				IPHONEOS_DEPLOYMENT_TARGET = 18.0;
				MARKETING_VERSION = 1.0;
				PRODUCT_BUNDLE_IDENTIFIER = com.tm.AirQualityChartsTests;
				PRODUCT_NAME = "$(TARGET_NAME)";
				SWIFT_EMIT_LOC_STRINGS = NO;
				SWIFT_VERSION = 5.0;
				TARGETED_DEVICE_FAMILY = "1,2";
				TEST_HOST = "$(BUILT_PRODUCTS_DIR)/AirQualityCharts.app/$(BUNDLE_EXECUTABLE_FOLDER_PATH)/AirQualityCharts";
			};
			name = Release;
		};
		043AFD452DBADDAD005629B9 /* Debug */ = {
			isa = XCBuildConfiguration;
			buildSettings = {
				CODE_SIGN_STYLE = Automatic;
				CURRENT_PROJECT_VERSION = 1;
				GENERATE_INFOPLIST_FILE = YES;
				MARKETING_VERSION = 1.0;
				PRODUCT_BUNDLE_IDENTIFIER = com.tm.AirQualityChartsUITests;
				PRODUCT_NAME = "$(TARGET_NAME)";
				SWIFT_EMIT_LOC_STRINGS = NO;
				SWIFT_VERSION = 5.0;
				TARGETED_DEVICE_FAMILY = "1,2";
				TEST_TARGET_NAME = AirQualityCharts;
			};
			name = Debug;
		};
		043AFD462DBADDAD005629B9 /* Release */ = {
			isa = XCBuildConfiguration;
			buildSettings = {
				CODE_SIGN_STYLE = Automatic;
				CURRENT_PROJECT_VERSION = 1;
				GENERATE_INFOPLIST_FILE = YES;
				MARKETING_VERSION = 1.0;
				PRODUCT_BUNDLE_IDENTIFIER = com.tm.AirQualityChartsUITests;
				PRODUCT_NAME = "$(TARGET_NAME)";
				SWIFT_EMIT_LOC_STRINGS = NO;
				SWIFT_VERSION = 5.0;
				TARGETED_DEVICE_FAMILY = "1,2";
				TEST_TARGET_NAME = AirQualityCharts;
			};
			name = Release;
		};
/* End XCBuildConfiguration section */

/* Begin XCConfigurationList section */
		043AFD152DBADDAB005629B9 /* Build configuration list for PBXProject "AirQualityCharts" */ = {
			isa = XCConfigurationList;
			buildConfigurations = (
				043AFD3C2DBADDAD005629B9 /* Debug */,
				043AFD3D2DBADDAD005629B9 /* Release */,
			);
			defaultConfigurationIsVisible = 0;
			defaultConfigurationName = Release;
		};
		043AFD3E2DBADDAD005629B9 /* Build configuration list for PBXNativeTarget "AirQualityCharts" */ = {
			isa = XCConfigurationList;
			buildConfigurations = (
				043AFD3F2DBADDAD005629B9 /* Debug */,
				043AFD402DBADDAD005629B9 /* Release */,
			);
			defaultConfigurationIsVisible = 0;
			defaultConfigurationName = Release;
		};
		043AFD412DBADDAD005629B9 /* Build configuration list for PBXNativeTarget "AirQualityChartsTests" */ = {
			isa = XCConfigurationList;
			buildConfigurations = (
				043AFD422DBADDAD005629B9 /* Debug */,
				043AFD432DBADDAD005629B9 /* Release */,
			);
			defaultConfigurationIsVisible = 0;
			defaultConfigurationName = Release;
		};
		043AFD442DBADDAD005629B9 /* Build configuration list for PBXNativeTarget "AirQualityChartsUITests" */ = {
			isa = XCConfigurationList;
			buildConfigurations = (
				043AFD452DBADDAD005629B9 /* Debug */,
				043AFD462DBADDAD005629B9 /* Release */,
			);
			defaultConfigurationIsVisible = 0;
			defaultConfigurationName = Release;
		};
/* End XCConfigurationList section */

/* Begin XCRemoteSwiftPackageReference section */
		04CCA3F12DD1668300710E41 /* XCRemoteSwiftPackageReference "firebase-ios-sdk" */ = {
			isa = XCRemoteSwiftPackageReference;
			repositoryURL = "https://github.com/firebase/firebase-ios-sdk";
			requirement = {
				kind = upToNextMajorVersion;
				minimumVersion = 11.12.0;
			};
		};
		04CCA3FC2DD27DE800710E41 /* XCRemoteSwiftPackageReference "GoogleSignIn-iOS" */ = {
			isa = XCRemoteSwiftPackageReference;
			repositoryURL = "https://github.com/google/GoogleSignIn-iOS";
			requirement = {
				kind = upToNextMajorVersion;
				minimumVersion = 8.0.0;
			};
		};
/* End XCRemoteSwiftPackageReference section */

/* Begin XCSwiftPackageProductDependency section */
		04CCA3F22DD1668300710E41 /* FirebaseAnalytics */ = {
			isa = XCSwiftPackageProductDependency;
			package = 04CCA3F12DD1668300710E41 /* XCRemoteSwiftPackageReference "firebase-ios-sdk" */;
			productName = FirebaseAnalytics;
		};
		04CCA3F42DD1668300710E41 /* FirebaseAuth */ = {
			isa = XCSwiftPackageProductDependency;
			package = 04CCA3F12DD1668300710E41 /* XCRemoteSwiftPackageReference "firebase-ios-sdk" */;
			productName = FirebaseAuth;
		};
		04CCA3F62DD1668300710E41 /* FirebaseCore */ = {
			isa = XCSwiftPackageProductDependency;
			package = 04CCA3F12DD1668300710E41 /* XCRemoteSwiftPackageReference "firebase-ios-sdk" */;
			productName = FirebaseCore;
		};
		04CCA3F82DD1668300710E41 /* FirebaseFirestore */ = {
			isa = XCSwiftPackageProductDependency;
			package = 04CCA3F12DD1668300710E41 /* XCRemoteSwiftPackageReference "firebase-ios-sdk" */;
			productName = FirebaseFirestore;
		};
		04CCA3FD2DD27DE800710E41 /* GoogleSignIn */ = {
			isa = XCSwiftPackageProductDependency;
			package = 04CCA3FC2DD27DE800710E41 /* XCRemoteSwiftPackageReference "GoogleSignIn-iOS" */;
			productName = GoogleSignIn;
		};
		04CCA3FF2DD27DE800710E41 /* GoogleSignInSwift */ = {
			isa = XCSwiftPackageProductDependency;
			package = 04CCA3FC2DD27DE800710E41 /* XCRemoteSwiftPackageReference "GoogleSignIn-iOS" */;
			productName = GoogleSignInSwift;
		};
/* End XCSwiftPackageProductDependency section */
	};
	rootObject = 043AFD122DBADDAB005629B9 /* Project object */;
}
